{
  "lockfile_version": "1",
  "packages": {
    "helmfile@latest": {
      "last_modified": "2025-02-01T06:33:04Z",
      "resolved": "github:NixOS/nixpkgs/047ebac174c408d6e5428b1865478893001276c5#helmfile",
      "source": "devbox-search",
      "version": "0.170.1",
      "systems": {
        "aarch64-darwin": {
          "outputs": [
            {
              "name": "out",
              "path": "/nix/store/w9ibck5vf355k6rk55nahp8zq1840ldp-helmfile-0.170.1",
              "default": true
            }
          ],
          "store_path": "/nix/store/w9ibck5vf355k6rk55nahp8zq1840ldp-helmfile-0.170.1"
        },
        "aarch64-linux": {
          "outputs": [
            {
              "name": "out",
              "path": "/nix/store/gh2jani80mg11c5n1vy6j8wbi8wk19jx-helmfile-0.170.1",
              "default": true
            }
          ],
          "store_path": "/nix/store/gh2jani80mg11c5n1vy6j8wbi8wk19jx-helmfile-0.170.1"
        },
        "x86_64-darwin": {
          "outputs": [
            {
              "name": "out",
              "path": "/nix/store/m93px70h4vf54rwjgy0aswpraf15zb7c-helmfile-0.170.1",
              "default": true
            }
          ],
          "store_path": "/nix/store/m93px70h4vf54rwjgy0aswpraf15zb7c-helmfile-0.170.1"
        },
        "x86_64-linux": {
          "outputs": [
            {
              "name": "out",
              "path": "/nix/store/vcb4jda6qxvlf48yc99fcj0131pq6cvr-helmfile-0.170.1",
              "default": true
            }
          ],
          "store_path": "/nix/store/vcb4jda6qxvlf48yc99fcj0131pq6cvr-helmfile-0.170.1"
        }
      }
    },
    "just@latest": {
      "last_modified": "2025-01-29T07:48:22Z",
      "resolved": "github:NixOS/nixpkgs/9a5db3142ce450045840cc8d832b13b8a2018e0c#just",
      "source": "devbox-search",
      "version": "1.39.0",
      "systems": {
        "aarch64-darwin": {
          "outputs": [
            {
              "name": "out",
              "path": "/nix/store/p0008v5xghjbvinj1cb0drlpa3ljgwps-just-1.39.0",
              "default": true
            },
            {
              "name": "man",
              "path": "/nix/store/pw81j3fwbq1agy0ai1cqzqffjbjffjm2-just-1.39.0-man",
              "default": true
            },
            {
              "name": "doc",
              "path": "/nix/store/vysi0rsapljs8nm13qd1q1m8x0rd1p70-just-1.39.0-doc"
            }
          ],
          "store_path": "/nix/store/p0008v5xghjbvinj1cb0drlpa3ljgwps-just-1.39.0"
        },
        "aarch64-linux": {
          "outputs": [
            {
              "name": "out",
              "path": "/nix/store/k9586qna4zpwhnsn76x2p7g6nm0vhgbv-just-1.39.0",
              "default": true
            },
            {
              "name": "man",
              "path": "/nix/store/ji62wi00zgj4vrpwywkdl8kwykv19i6n-just-1.39.0-man",
              "default": true
            },
            {
              "name": "doc",
              "path": "/nix/store/3i3dk8bjyz4q9wawm1dkv1vk0sl7gbzj-just-1.39.0-doc"
            }
          ],
          "store_path": "/nix/store/k9586qna4zpwhnsn76x2p7g6nm0vhgbv-just-1.39.0"
        },
        "x86_64-darwin": {
          "outputs": [
            {
              "name": "out",
              "path": "/nix/store/s4w13zxwnly9z9j499fypx7kx7iffzfq-just-1.39.0",
              "default": true
            },
            {
              "name": "man",
              "path": "/nix/store/06ppryxxfnzklbxka8ycz8cabbklscpr-just-1.39.0-man",
              "default": true
            },
            {
              "name": "doc",
              "path": "/nix/store/rlv196k7vyi2g9gb0g0dbg34xh27nppg-just-1.39.0-doc"
            }
          ],
          "store_path": "/nix/store/s4w13zxwnly9z9j499fypx7kx7iffzfq-just-1.39.0"
        },
        "x86_64-linux": {
          "outputs": [
            {
              "name": "out",
              "path": "/nix/store/vnyj5n5pgljwmwb9a4938hhry4w4fylk-just-1.39.0",
              "default": true
            },
            {
              "name": "man",
              "path": "/nix/store/fsn8pwjpszqywx364njl1bx6zk5rgrhd-just-1.39.0-man",
              "default": true
            },
            {
              "name": "doc",
              "path": "/nix/store/bnxwbxb6mlyi0x8xfgh05j82w5z2szaw-just-1.39.0-doc"
            }
          ],
          "store_path": "/nix/store/vnyj5n5pgljwmwb9a4938hhry4w4fylk-just-1.39.0"
        }
      }
    },
    "kind@latest": {
      "last_modified": "2025-01-19T08:16:51Z",
      "resolved": "github:NixOS/nixpkgs/50165c4f7eb48ce82bd063e1fb8047a0f515f8ce#kind",
      "source": "devbox-search",
      "version": "0.26.0",
      "systems": {
        "aarch64-darwin": {
          "outputs": [
            {
              "name": "out",
              "path": "/nix/store/4j12j5zijvbcyafx85a2qh8jkv4m6lnz-kind-0.26.0",
              "default": true
            }
          ],
          "store_path": "/nix/store/4j12j5zijvbcyafx85a2qh8jkv4m6lnz-kind-0.26.0"
        },
        "aarch64-linux": {
          "outputs": [
            {
              "name": "out",
              "path": "/nix/store/gkpan5sh4kmbxknrf79p9ssd1j024ydb-kind-0.26.0",
              "default": true
            }
          ],
          "store_path": "/nix/store/gkpan5sh4kmbxknrf79p9ssd1j024ydb-kind-0.26.0"
        },
        "x86_64-darwin": {
          "outputs": [
            {
              "name": "out",
              "path": "/nix/store/2vsw8jyi2n4sm74sk1kbff6hq5v8nz6i-kind-0.26.0",
              "default": true
            }
          ],
          "store_path": "/nix/store/2vsw8jyi2n4sm74sk1kbff6hq5v8nz6i-kind-0.26.0"
        },
        "x86_64-linux": {
          "outputs": [
            {
              "name": "out",
              "path": "/nix/store/hp80rb9dpsk2wj5db2zngh5b8hrgwy4k-kind-0.26.0",
              "default": true
            }
          ],
          "store_path": "/nix/store/hp80rb9dpsk2wj5db2zngh5b8hrgwy4k-kind-0.26.0"
        }
      }
    },
    "kubectl@latest": {
      "last_modified": "2025-01-22T06:06:04Z",
      "resolved": "github:NixOS/nixpkgs/5757bbb8bd7c0630a0cc4bb19c47e588db30b97c#kubectl",
      "source": "devbox-search",
      "version": "1.32.1",
      "systems": {
        "aarch64-darwin": {
          "outputs": [
            {
              "name": "out",
              "path": "/nix/store/18441nqn0dahiwn1rvwilqvrqwqvvknz-kubectl-1.32.1",
              "default": true
            },
            {
              "name": "man",
              "path": "/nix/store/7aqhrqy27487ph8gcqwl92lpn48zczlm-kubectl-1.32.1-man",
              "default": true
            },
            {
              "name": "convert",
              "path": "/nix/store/4ahm5rn4f326izlh8nh6zfcf066r0jp9-kubectl-1.32.1-convert"
            }
          ],
          "store_path": "/nix/store/18441nqn0dahiwn1rvwilqvrqwqvvknz-kubectl-1.32.1"
        },
        "aarch64-linux": {
          "outputs": [
            {
              "name": "out",
              "path": "/nix/store/jylypnz6nddbqf85glbyhpmjsbgmlayj-kubectl-1.32.1",
              "default": true
            },
            {
              "name": "man",
              "path": "/nix/store/0f95qz0ynbilx8h0z350in0d8kc9aj1m-kubectl-1.32.1-man",
              "default": true
            },
            {
              "name": "convert",
              "path": "/nix/store/y9kx67c1h6sjr3l4vp7j200v640h32kr-kubectl-1.32.1-convert"
            }
          ],
          "store_path": "/nix/store/jylypnz6nddbqf85glbyhpmjsbgmlayj-kubectl-1.32.1"
        },
        "x86_64-darwin": {
          "outputs": [
            {
              "name": "out",
              "path": "/nix/store/c4ha370mr37kzmr5d3k3x2f7ln51r9fz-kubectl-1.32.1",
              "default": true
            },
            {
              "name": "man",
              "path": "/nix/store/5p29mlkb5ywfn2znwb3pxbyr187585yy-kubectl-1.32.1-man",
              "default": true
            },
            {
              "name": "convert",
              "path": "/nix/store/83qij5g1wkrrwzjn1cwnkd342ifzw97x-kubectl-1.32.1-convert"
            }
          ],
          "store_path": "/nix/store/c4ha370mr37kzmr5d3k3x2f7ln51r9fz-kubectl-1.32.1"
        },
        "x86_64-linux": {
          "outputs": [
            {
              "name": "out",
              "path": "/nix/store/v312kkwzk8mibc9z67n53hab6mcc7cn5-kubectl-1.32.1",
              "default": true
            },
            {
              "name": "man",
              "path": "/nix/store/jb9zc5f93z67xaldz5zmmnv8d5pzc94r-kubectl-1.32.1-man",
              "default": true
            },
            {
              "name": "convert",
              "path": "/nix/store/1lkaw0m4238bichjjl5jkkpqpvxahp43-kubectl-1.32.1-convert"
            }
          ],
          "store_path": "/nix/store/v312kkwzk8mibc9z67n53hab6mcc7cn5-kubectl-1.32.1"
        }
      }
    }
  }
}
